{
  "pins" : [
    {
      "identity" : "funnelconnect-ios-sdk",
      "kind" : "remoteSourceControl",
      "location" : "https://github.com/Teavaro/FunnelConnect-iOS-SDK",
      "state" : {
        "branch" : "main",
        "revision" : "90a0bcdfaee5bb12a8d8d2337af57862e406b569"
      }
    }
  ],
  "version" : 2
}
